
Microsoft Visual Studio Solution File, Format Version 12.00
# Visual Studio 2015
Project("{FAE04EC0-301F-11D3-BF4B-00C04F79EFBC}") = "Kivbf Bot", "Kivbf Bot.csproj", "{DF16F3E0-0DAD-DFE5-1DDC-EB294ABDB537}"
EndProject
Project("{FAE04EC0-301F-11D3-BF4B-00C04F79EFBC}") = "Kivbf Bot.Editor", "Kivbf Bot.Editor.csproj", "{6FB8FCB5-476E-B4E9-07EF-4C7BDB61D7DD}"
EndProject
Global
	GlobalSection(SolutionConfigurationPlatforms) = preSolution
		Debug|Any CPU = Debug|Any CPU
		Release|Any CPU = Release|Any CPU
	EndGlobalSection
	GlobalSection(ProjectConfigurationPlatforms) = postSolution
		{DF16F3E0-0DAD-DFE5-1DDC-EB294ABDB537}.Debug|Any CPU.ActiveCfg = Debug|Any CPU
		{DF16F3E0-0DAD-DFE5-1DDC-EB294ABDB537}.Debug|Any CPU.Build.0 = Debug|Any CPU
		{DF16F3E0-0DAD-DFE5-1DDC-EB294ABDB537}.Release|Any CPU.ActiveCfg = Release|Any CPU
		{DF16F3E0-0DAD-DFE5-1DDC-EB294ABDB537}.Release|Any CPU.Build.0 = Release|Any CPU
		{6FB8FCB5-476E-B4E9-07EF-4C7BDB61D7DD}.Debug|Any CPU.ActiveCfg = Debug|Any CPU
		{6FB8FCB5-476E-B4E9-07EF-4C7BDB61D7DD}.Debug|Any CPU.Build.0 = Debug|Any CPU
		{6FB8FCB5-476E-B4E9-07EF-4C7BDB61D7DD}.Release|Any CPU.ActiveCfg = Release|Any CPU
		{6FB8FCB5-476E-B4E9-07EF-4C7BDB61D7DD}.Release|Any CPU.Build.0 = Release|Any CPU
	EndGlobalSection
	GlobalSection(SolutionProperties) = preSolution
		HideSolutionNode = FALSE
	EndGlobalSection
EndGlobal
